
Microsoft Visual Studio Solution File, Format Version 12.00
# Visual Studio Version 17
VisualStudioVersion = 17.13.35913.81 d17.13
MinimumVisualStudioVersion = 10.0.40219.1
Project("{FAE04EC0-301F-11D3-BF4B-00C04F79EFBC}") = "CaloriesCounter", "CaloriesCounter.csproj", "{1F8BC854-F061-445C-94DC-FF2E12380DC6}"
EndProject
Global
	GlobalSection(SolutionConfigurationPlatforms) = preSolution
		Debug|Any CPU = Debug|Any CPU
		Release|Any CPU = Release|Any CPU
	EndGlobalSection
	GlobalSection(ProjectConfigurationPlatforms) = postSolution
		{1F8BC854-F061-445C-94DC-FF2E12380DC6}.Debug|Any CPU.ActiveCfg = Debug|Any CPU
		{1F8BC854-F061-445C-94DC-FF2E12380DC6}.Debug|Any CPU.Build.0 = Debug|Any CPU
		{1F8BC854-F061-445C-94DC-FF2E12380DC6}.Release|Any CPU.ActiveCfg = Release|Any CPU
		{1F8BC854-F061-445C-94DC-FF2E12380DC6}.Release|Any CPU.Build.0 = Release|Any CPU
	EndGlobalSection
	GlobalSection(SolutionProperties) = preSolution
		HideSolutionNode = FALSE
	EndGlobalSection
	GlobalSection(ExtensibilityGlobals) = postSolution
		SolutionGuid = {45CC71A8-E88A-40C2-9C0E-1165ABACF949}
	EndGlobalSection
EndGlobal
